
Microsoft Visual Studio Solution File, Format Version 12.00
# Visual Studio Version 17
VisualStudioVersion = 17.5.33530.505
MinimumVisualStudioVersion = 10.0.40219.1
Project("{FAE04EC0-301F-11D3-BF4B-00C04F79EFBC}") = "recapC", "recapC.csproj", "{1CA76747-EEAF-43E5-8BCC-DDFAC5035352}"
EndProject
Global
	GlobalSection(SolutionConfigurationPlatforms) = preSolution
		Debug|Any CPU = Debug|Any CPU
		Release|Any CPU = Release|Any CPU
	EndGlobalSection
	GlobalSection(ProjectConfigurationPlatforms) = postSolution
		{1CA76747-EEAF-43E5-8BCC-DDFAC5035352}.Debug|Any CPU.ActiveCfg = Debug|Any CPU
		{1CA76747-EEAF-43E5-8BCC-DDFAC5035352}.Debug|Any CPU.Build.0 = Debug|Any CPU
		{1CA76747-EEAF-43E5-8BCC-DDFAC5035352}.Release|Any CPU.ActiveCfg = Release|Any CPU
		{1CA76747-EEAF-43E5-8BCC-DDFAC5035352}.Release|Any CPU.Build.0 = Release|Any CPU
	EndGlobalSection
	GlobalSection(SolutionProperties) = preSolution
		HideSolutionNode = FALSE
	EndGlobalSection
	GlobalSection(ExtensibilityGlobals) = postSolution
		SolutionGuid = {F712320C-D32D-406C-8CB8-EE631872CCAF}
	EndGlobalSection
EndGlobal
